
Microsoft Visual Studio Solution File, Format Version 12.00
# Visual Studio 15
VisualStudioVersion = 15.0.28307.168
MinimumVisualStudioVersion = 10.0.40219.1
Project("{9092AA53-FB77-4645-B42D-1CCCA6BD08BD}") = "SitebillAngular", "SitebillAngular.njsproj", "{90E8AED2-61C0-4531-9AF4-61274107C7F1}"
EndProject
Global
	GlobalSection(SolutionConfigurationPlatforms) = preSolution
		Debug|Any CPU = Debug|Any CPU
		Release|Any CPU = Release|Any CPU
	EndGlobalSection
	GlobalSection(ProjectConfigurationPlatforms) = postSolution
		{90E8AED2-61C0-4531-9AF4-61274107C7F1}.Debug|Any CPU.ActiveCfg = Debug|Any CPU
		{90E8AED2-61C0-4531-9AF4-61274107C7F1}.Debug|Any CPU.Build.0 = Debug|Any CPU
		{90E8AED2-61C0-4531-9AF4-61274107C7F1}.Release|Any CPU.ActiveCfg = Release|Any CPU
		{90E8AED2-61C0-4531-9AF4-61274107C7F1}.Release|Any CPU.Build.0 = Release|Any CPU
	EndGlobalSection
	GlobalSection(SolutionProperties) = preSolution
		HideSolutionNode = FALSE
	EndGlobalSection
	GlobalSection(ExtensibilityGlobals) = postSolution
		SolutionGuid = {2E9F88E1-BEE6-4A6C-9580-00DFEC7368D2}
	EndGlobalSection
EndGlobal
